
Microsoft Visual Studio Solution File, Format Version 12.00
# Visual Studio Version 17
VisualStudioVersion = 17.3.32825.248
MinimumVisualStudioVersion = 10.0.40219.1
Project("{FAE04EC0-301F-11D3-BF4B-00C04F79EFBC}") = "Mvc", "Mvc\Mvc.csproj", "{C2C5F9B7-B612-455F-8AAF-47F7915E38AC}"
EndProject
Project("{FAE04EC0-301F-11D3-BF4B-00C04F79EFBC}") = "BlogApp.Entities", "BlogApp.Entities\BlogApp.Entities.csproj", "{E2F3D0A3-5029-4A40-BD56-FBE0212E8797}"
EndProject
Project("{FAE04EC0-301F-11D3-BF4B-00C04F79EFBC}") = "BlogApp.Data", "BlogApp.Data\BlogApp.Data.csproj", "{CA435124-B448-4ED6-A99C-6A0431DA2F87}"
EndProject
Project("{FAE04EC0-301F-11D3-BF4B-00C04F79EFBC}") = "BlogApp.Services", "BlogApp.Services\BlogApp.Services.csproj", "{F0B10A36-8A98-4FC0-B483-7352F5D42531}"
EndProject
Project("{FAE04EC0-301F-11D3-BF4B-00C04F79EFBC}") = "BlogApp.Shared", "BlogApp.Shared\BlogApp.Shared.csproj", "{AF5F6A21-5262-4EB7-850A-B1014F818423}"
EndProject
Global
	GlobalSection(SolutionConfigurationPlatforms) = preSolution
		Debug|Any CPU = Debug|Any CPU
		Release|Any CPU = Release|Any CPU
	EndGlobalSection
	GlobalSection(ProjectConfigurationPlatforms) = postSolution
		{C2C5F9B7-B612-455F-8AAF-47F7915E38AC}.Debug|Any CPU.ActiveCfg = Debug|Any CPU
		{C2C5F9B7-B612-455F-8AAF-47F7915E38AC}.Debug|Any CPU.Build.0 = Debug|Any CPU
		{C2C5F9B7-B612-455F-8AAF-47F7915E38AC}.Release|Any CPU.ActiveCfg = Release|Any CPU
		{C2C5F9B7-B612-455F-8AAF-47F7915E38AC}.Release|Any CPU.Build.0 = Release|Any CPU
		{E2F3D0A3-5029-4A40-BD56-FBE0212E8797}.Debug|Any CPU.ActiveCfg = Debug|Any CPU
		{E2F3D0A3-5029-4A40-BD56-FBE0212E8797}.Debug|Any CPU.Build.0 = Debug|Any CPU
		{E2F3D0A3-5029-4A40-BD56-FBE0212E8797}.Release|Any CPU.ActiveCfg = Release|Any CPU
		{E2F3D0A3-5029-4A40-BD56-FBE0212E8797}.Release|Any CPU.Build.0 = Release|Any CPU
		{CA435124-B448-4ED6-A99C-6A0431DA2F87}.Debug|Any CPU.ActiveCfg = Debug|Any CPU
		{CA435124-B448-4ED6-A99C-6A0431DA2F87}.Debug|Any CPU.Build.0 = Debug|Any CPU
		{CA435124-B448-4ED6-A99C-6A0431DA2F87}.Release|Any CPU.ActiveCfg = Release|Any CPU
		{CA435124-B448-4ED6-A99C-6A0431DA2F87}.Release|Any CPU.Build.0 = Release|Any CPU
		{F0B10A36-8A98-4FC0-B483-7352F5D42531}.Debug|Any CPU.ActiveCfg = Debug|Any CPU
		{F0B10A36-8A98-4FC0-B483-7352F5D42531}.Debug|Any CPU.Build.0 = Debug|Any CPU
		{F0B10A36-8A98-4FC0-B483-7352F5D42531}.Release|Any CPU.ActiveCfg = Release|Any CPU
		{F0B10A36-8A98-4FC0-B483-7352F5D42531}.Release|Any CPU.Build.0 = Release|Any CPU
		{AF5F6A21-5262-4EB7-850A-B1014F818423}.Debug|Any CPU.ActiveCfg = Debug|Any CPU
		{AF5F6A21-5262-4EB7-850A-B1014F818423}.Debug|Any CPU.Build.0 = Debug|Any CPU
		{AF5F6A21-5262-4EB7-850A-B1014F818423}.Release|Any CPU.ActiveCfg = Release|Any CPU
		{AF5F6A21-5262-4EB7-850A-B1014F818423}.Release|Any CPU.Build.0 = Release|Any CPU
	EndGlobalSection
	GlobalSection(SolutionProperties) = preSolution
		HideSolutionNode = FALSE
	EndGlobalSection
	GlobalSection(ExtensibilityGlobals) = postSolution
		SolutionGuid = {4466F9FD-9D84-49AE-A233-431EA30AABF9}
	EndGlobalSection
EndGlobal
